
Microsoft Visual Studio Solution File, Format Version 12.00
# Visual Studio Version 16
VisualStudioVersion = 16.0.31005.135
MinimumVisualStudioVersion = 10.0.40219.1
Project("{FAE04EC0-301F-11D3-BF4B-00C04F79EFBC}") = "AppBanVe", "AppBanVe\AppBanVe.csproj", "{6D28CC3E-FB1F-4963-9B43-4075DCD6CDE2}"
EndProject
Global
	GlobalSection(SolutionConfigurationPlatforms) = preSolution
		Debug|Any CPU = Debug|Any CPU
		Release|Any CPU = Release|Any CPU
	EndGlobalSection
	GlobalSection(ProjectConfigurationPlatforms) = postSolution
		{6D28CC3E-FB1F-4963-9B43-4075DCD6CDE2}.Debug|Any CPU.ActiveCfg = Debug|Any CPU
		{6D28CC3E-FB1F-4963-9B43-4075DCD6CDE2}.Debug|Any CPU.Build.0 = Debug|Any CPU
		{6D28CC3E-FB1F-4963-9B43-4075DCD6CDE2}.Release|Any CPU.ActiveCfg = Release|Any CPU
		{6D28CC3E-FB1F-4963-9B43-4075DCD6CDE2}.Release|Any CPU.Build.0 = Release|Any CPU
	EndGlobalSection
	GlobalSection(SolutionProperties) = preSolution
		HideSolutionNode = FALSE
	EndGlobalSection
	GlobalSection(ExtensibilityGlobals) = postSolution
		SolutionGuid = {1FBCCC83-2B5B-4688-8F58-7ACBA6F52C82}
	EndGlobalSection
EndGlobal
